// !$*UTF8*$!
{
	archiveVersion = 1;
	classes = {
	};
	objectVersion = 77;
	objects = {

/* Begin PBXBuildFile section */
		05B3C09F3B96E96D972F0424 /* SwiftUI.framework in Frameworks */ = {isa = PBXBuildFile; fileRef = CAE0DE68DC7E04F773A57E14 /* SwiftUI.framework */; };
		0B0F7279D379185A03755CCE /* WidgetSnapshotStore.swift in Sources */ = {isa = PBXBuildFile; fileRef = A159A0EC53BE9A5725D4F72F /* WidgetSnapshotStore.swift */; };
		0DAA94A3D96F719BA4747FB9 /* WidgetSnapshotStore.swift in Sources */ = {isa = PBXBuildFile; fileRef = A159A0EC53BE9A5725D4F72F /* WidgetSnapshotStore.swift */; };
		0E7B9DD77B435314F1F82444 /* TodayStatsCard.swift in Sources */ = {isa = PBXBuildFile; fileRef = C1C6AB9554FF1D3991F1F5EA /* TodayStatsCard.swift */; };
		11F3BA0F4AF7B9677BE1BCED /* ImportHelper.swift in Sources */ = {isa = PBXBuildFile; fileRef = 3E21CDB5DEE9ADB1278361DC /* ImportHelper.swift */; };
		125CB371BB8CCAEE250459BD /* Sharing in Frameworks */ = {isa = PBXBuildFile; productRef = 4F99E922EA9267E4EE4CD5D6 /* Sharing */; };
		18A5E22BF086C74EB8748E97 /* FutureDueChart.swift in Sources */ = {isa = PBXBuildFile; fileRef = AF4ED8861E827657F4ACFD24 /* FutureDueChart.swift */; };
		1CCF36BA63528C1E2FA3F9FD /* AnkiSync in Frameworks */ = {isa = PBXBuildFile; productRef = 1D52A2C890DE8794E39904C4 /* AnkiSync */; };
		25295E65FF027CFDAAB366BC /* AmgiTheme in Frameworks */ = {isa = PBXBuildFile; productRef = F965A812044E53C1A2FD5A8F /* AmgiTheme */; };
		2F6CCEA4FF8B775FCA9299DA /* WidgetKit.framework in Frameworks */ = {isa = PBXBuildFile; fileRef = 2B60A11C277A30E8180CB0F1 /* WidgetKit.framework */; };
		300C45BEA20065427F563AAD /* Sharing in Frameworks */ = {isa = PBXBuildFile; productRef = E246B9A74FC08245970AE0E4 /* Sharing */; };
		34270B208122270BAC697B31 /* AmgiCardWeb in Frameworks */ = {isa = PBXBuildFile; productRef = 5089B17C1D8C3637BE4FB0A9 /* AmgiCardWeb */; };
		4197FBDFDF2D46380618BC19 /* PeriodPicker.swift in Sources */ = {isa = PBXBuildFile; fileRef = F5F0CD0C9F5F8DC2DFCEEB67 /* PeriodPicker.swift */; };
		432EFA88F323B205548FDE22 /* mathjax in Resources */ = {isa = PBXBuildFile; fileRef = 44CF30873346E609AC9D7ADE /* mathjax */; };
		4806E64030A4EBAA1A2DF239 /* AnkiKit in Frameworks */ = {isa = PBXBuildFile; productRef = AB49118FC7A518B48ED09051 /* AnkiKit */; };
		4F9F1495E23422059993CD6D /* WatchApp.swift in Sources */ = {isa = PBXBuildFile; fileRef = 491E02068FA0CEFFA5C53B64 /* WatchApp.swift */; };
		5118FC0E96F042A52C760244 /* ButtonsChart.swift in Sources */ = {isa = PBXBuildFile; fileRef = 33A69AB586E74A54F75F187F /* ButtonsChart.swift */; };
		5206D53A52E116E129C0E956 /* AnkiBackend in Frameworks */ = {isa = PBXBuildFile; productRef = 35974FDD258EB94D5852A939 /* AnkiBackend */; };
		570828091E1FF534441427EA /* DebugView.swift in Sources */ = {isa = PBXBuildFile; fileRef = B219D0FE129E5978B1B69180 /* DebugView.swift */; };
		58CAEF6BE5C190FC9FE8D511 /* SwiftNavigation in Frameworks */ = {isa = PBXBuildFile; productRef = A83E8288FCBE678AC922CFF0 /* SwiftNavigation */; };
		5C90F71C28BA71DCD3234ED8 /* AmgiSpacing.swift in Sources */ = {isa = PBXBuildFile; fileRef = 426CADCD22F5A23B4C8CC111 /* AmgiSpacing.swift */; };
		652134A3080AAB2E8524794F /* AnkiKit in Frameworks */ = {isa = PBXBuildFile; productRef = D17643555D7431BE694A9400 /* AnkiKit */; };
		65F61AFFA2543E6FB629C91F /* WatchLoginView.swift in Sources */ = {isa = PBXBuildFile; fileRef = 2ED3EC752BE10F016D1DDC7A /* WatchLoginView.swift */; };
		6932C86281AB9089FDCF9C6B /* AnkiServices in Frameworks */ = {isa = PBXBuildFile; productRef = 9C12DFB8208798638ECB4C68 /* AnkiServices */; };
		70A45CBF245F9634EB946A47 /* IntervalsChart.swift in Sources */ = {isa = PBXBuildFile; fileRef = 754172040A193DD69676DECD /* IntervalsChart.swift */; };
		71A1B053966773D1157AA618 /* AnkiClients in Frameworks */ = {isa = PBXBuildFile; productRef = 3FED5E304581C8F9AF5A7AA8 /* AnkiClients */; };
		72EFBA61E6007A14BAC1DF9E /* WriteWidgetSnapshot.swift in Sources */ = {isa = PBXBuildFile; fileRef = 9DE9F2C493FA28C7CD204D93 /* WriteWidgetSnapshot.swift */; };
		73BED515464AA8C80C765BFF /* ContentView.swift in Sources */ = {isa = PBXBuildFile; fileRef = 44792958B343213988DC8FFB /* ContentView.swift */; };
		7A8C7F9E38ADB8A798536E72 /* DeckCountsView.swift in Sources */ = {isa = PBXBuildFile; fileRef = EA984C4DF72EA6AB88758C42 /* DeckCountsView.swift */; };
		7C46534E4D979D315641F713 /* AnkiSync in Frameworks */ = {isa = PBXBuildFile; productRef = 9F148DCECED472C7DE230AB6 /* AnkiSync */; };
		7DBD176C1C9335938DFE8B26 /* AddedChart.swift in Sources */ = {isa = PBXBuildFile; fileRef = 034BAFB8E09758667D3686C8 /* AddedChart.swift */; };
		7E0F969FE51C02E3F82A8EFE /* AmgiTypography.swift in Sources */ = {isa = PBXBuildFile; fileRef = 161E2EDD621D936CBBCDE8FD /* AmgiTypography.swift */; };
		8037088122D7F4739E1D412A /* AnkiKit in Frameworks */ = {isa = PBXBuildFile; productRef = EEE5266ACE0725F53E9703A8 /* AnkiKit */; };
		88CEBB679A25C18EFA30E22A /* SwiftNavigation in Frameworks */ = {isa = PBXBuildFile; productRef = 5E4DD888EA7B00AFD7922CBF /* SwiftNavigation */; };
		8AD06D30608491B042880E1E /* AmgiWidget.appex in Embed Foundation Extensions */ = {isa = PBXBuildFile; fileRef = A837EB0A30B6E90B20D5C1CD /* AmgiWidget.appex */; settings = {ATTRIBUTES = (RemoveHeadersOnCopy, ); }; };
		8ECE4044AFBC859D35DC1762 /* WidgetSnapshot.swift in Sources */ = {isa = PBXBuildFile; fileRef = 3A4BB06BA1C148ECF8D53640 /* WidgetSnapshot.swift */; };
		8F888B18043AFB901AA52598 /* AnkiProto in Frameworks */ = {isa = PBXBuildFile; productRef = 54CDF3C2E932D4A20552B1AB /* AnkiProto */; };
		94AB6A9BE4BC63D84EC48E6B /* AnkiProto in Frameworks */ = {isa = PBXBuildFile; productRef = 0BBBA9E831360913A56B8508 /* AnkiProto */; };
		98C6CA8AE0F54B410D410803 /* SharedKeys.swift in Sources */ = {isa = PBXBuildFile; fileRef = 1955D163641C3A6B4C3FCD56 /* SharedKeys.swift */; };
		9979FC83164BAD629D3522E7 /* Assets.xcassets in Resources */ = {isa = PBXBuildFile; fileRef = C77F11AE7234C74B34230540 /* Assets.xcassets */; };
		9F04117D1D3772A46BD87844 /* UIKitNavigation in Frameworks */ = {isa = PBXBuildFile; productRef = C6F941841B903375DAA58334 /* UIKitNavigation */; };
		9F9AEC406A84BB7E02B2C8F0 /* EaseChart.swift in Sources */ = {isa = PBXBuildFile; fileRef = 17A3FD796487EE3148C97DED /* EaseChart.swift */; };
		A87D48D4DA8668BA3F705983 /* AmgiTheme in Frameworks */ = {isa = PBXBuildFile; productRef = DCE589747DD31E211851D79C /* AmgiTheme */; };
		A93978D7EA5D702A9FEC5B1B /* AmgiTheme in Frameworks */ = {isa = PBXBuildFile; productRef = A8F51D85BA3DE2215333A244 /* AmgiTheme */; };
		AB3689DD4BAB90D24C81C5A1 /* ReviewsChart.swift in Sources */ = {isa = PBXBuildFile; fileRef = CD607A2DE7606E65C133987A /* ReviewsChart.swift */; };
		B000C5F6C48D2CDF8FF8BB2C /* WatchThemeCompatibility.swift in Sources */ = {isa = PBXBuildFile; fileRef = 16182E68EB8623D77EA8401A /* WatchThemeCompatibility.swift */; };
		B6FFC838741047506C56B503 /* RetentionChart.swift in Sources */ = {isa = PBXBuildFile; fileRef = C47B73C334B62AD0A0729DB0 /* RetentionChart.swift */; };
		BB3E89CDD647E53D949E751D /* AmgiAppApp.swift in Sources */ = {isa = PBXBuildFile; fileRef = 8194F942C511DFA83C0CB371 /* AmgiAppApp.swift */; };
		C417D0DB3832D3592A5A3BA1 /* AnkiBackend in Frameworks */ = {isa = PBXBuildFile; productRef = F40C6D05700BCD9DB3969CD4 /* AnkiBackend */; };
		C7E42C769A4C5821E0D2A65E /* AnkiClients in Frameworks */ = {isa = PBXBuildFile; productRef = 1D9F9CD702DB5DC5DC8AAB30 /* AnkiClients */; };
		CC537D2D55B52A4BD7E35D02 /* WatchReviewView.swift in Sources */ = {isa = PBXBuildFile; fileRef = CAC32D61C2C66C6ED71E2F1E /* WatchReviewView.swift */; };
		CC6E25F03E10B50844B4E65F /* WatchContentView.swift in Sources */ = {isa = PBXBuildFile; fileRef = 6320359FC6CA6D92945161A1 /* WatchContentView.swift */; };
		CD249B6E0FACD11469B4D8A3 /* WidgetSnapshot.swift in Sources */ = {isa = PBXBuildFile; fileRef = 3A4BB06BA1C148ECF8D53640 /* WidgetSnapshot.swift */; };
		CD7A425CC4ECBA61920F09E6 /* AnkiServices in Frameworks */ = {isa = PBXBuildFile; productRef = 38DEF6B96461889F8EAAAE48 /* AnkiServices */; };
		CE897B2A2F8CD000738772AE /* WatchDeckListView.swift in Sources */ = {isa = PBXBuildFile; fileRef = 44CC834CCC57964FF934A0F0 /* WatchDeckListView.swift */; };
		D559173FE155475757718188 /* WatchDeckDetailView.swift in Sources */ = {isa = PBXBuildFile; fileRef = 5B2868E7DF38AB014685320A /* WatchDeckDetailView.swift */; };
		E45540503268E00A3CAC9B04 /* WidgetKit.framework in Frameworks */ = {isa = PBXBuildFile; fileRef = 2B60A11C277A30E8180CB0F1 /* WidgetKit.framework */; };
		E5185F388A661687F53949B9 /* ReviewSession.swift in Sources */ = {isa = PBXBuildFile; fileRef = 1D2F26CE5EB6060C2EB82D25 /* ReviewSession.swift */; };
		ECC2240EADC17061E3B6F04F /* CardCountsChart.swift in Sources */ = {isa = PBXBuildFile; fileRef = 3BEA7C70BA4EC84E26451BB9 /* CardCountsChart.swift */; };
		EF1D221842AEDFA141263AC4 /* WatchStatsView.swift in Sources */ = {isa = PBXBuildFile; fileRef = FE05BA9D8C11C338ACA69DD6 /* WatchStatsView.swift */; };
		F18D4A4B15725415C44791BD /* HourlyChart.swift in Sources */ = {isa = PBXBuildFile; fileRef = AC43D6BB2DE76790ED02C3AD /* HourlyChart.swift */; };
/* End PBXBuildFile section */

/* Begin PBXContainerItemProxy section */
		EE34BEA2D08D4B4B3CE4BF7A /* PBXContainerItemProxy */ = {
			isa = PBXContainerItemProxy;
			containerPortal = CCE55545D9F1ABEDD48DB366 /* Project object */;
			proxyType = 1;
			remoteGlobalIDString = 9B3B324834735D7AA9620491;
			remoteInfo = AmgiWidget;
		};
/* End PBXContainerItemProxy section */

/* Begin PBXCopyFilesBuildPhase section */
		410CE2AB2D9AFEF1B607231D /* Embed Foundation Extensions */ = {
			isa = PBXCopyFilesBuildPhase;
			buildActionMask = 2147483647;
			dstPath = "";
			dstSubfolderSpec = 13;
			files = (
				8AD06D30608491B042880E1E /* AmgiWidget.appex in Embed Foundation Extensions */,
			);
			name = "Embed Foundation Extensions";
			runOnlyForDeploymentPostprocessing = 0;
		};
/* End PBXCopyFilesBuildPhase section */

/* Begin PBXFileReference section */
		034BAFB8E09758667D3686C8 /* AddedChart.swift */ = {isa = PBXFileReference; lastKnownFileType = sourcecode.swift; path = AddedChart.swift; sourceTree = "<group>"; };
		16182E68EB8623D77EA8401A /* WatchThemeCompatibility.swift */ = {isa = PBXFileReference; lastKnownFileType = sourcecode.swift; path = WatchThemeCompatibility.swift; sourceTree = "<group>"; };
		161E2EDD621D936CBBCDE8FD /* AmgiTypography.swift */ = {isa = PBXFileReference; lastKnownFileType = sourcecode.swift; path = AmgiTypography.swift; sourceTree = "<group>"; };
		17A3FD796487EE3148C97DED /* EaseChart.swift */ = {isa = PBXFileReference; lastKnownFileType = sourcecode.swift; path = EaseChart.swift; sourceTree = "<group>"; };
		1955D163641C3A6B4C3FCD56 /* SharedKeys.swift */ = {isa = PBXFileReference; lastKnownFileType = sourcecode.swift; path = SharedKeys.swift; sourceTree = "<group>"; };
		1D2F26CE5EB6060C2EB82D25 /* ReviewSession.swift */ = {isa = PBXFileReference; lastKnownFileType = sourcecode.swift; path = ReviewSession.swift; sourceTree = "<group>"; };
		2B60A11C277A30E8180CB0F1 /* WidgetKit.framework */ = {isa = PBXFileReference; lastKnownFileType = wrapper.framework; name = WidgetKit.framework; path = System/Library/Frameworks/WidgetKit.framework; sourceTree = SDKROOT; };
		2ED3EC752BE10F016D1DDC7A /* WatchLoginView.swift */ = {isa = PBXFileReference; lastKnownFileType = sourcecode.swift; path = WatchLoginView.swift; sourceTree = "<group>"; };
		33A69AB586E74A54F75F187F /* ButtonsChart.swift */ = {isa = PBXFileReference; lastKnownFileType = sourcecode.swift; path = ButtonsChart.swift; sourceTree = "<group>"; };
		3A4BB06BA1C148ECF8D53640 /* WidgetSnapshot.swift */ = {isa = PBXFileReference; lastKnownFileType = sourcecode.swift; path = WidgetSnapshot.swift; sourceTree = "<group>"; };
		3BEA7C70BA4EC84E26451BB9 /* CardCountsChart.swift */ = {isa = PBXFileReference; lastKnownFileType = sourcecode.swift; path = CardCountsChart.swift; sourceTree = "<group>"; };
		3E21CDB5DEE9ADB1278361DC /* ImportHelper.swift */ = {isa = PBXFileReference; lastKnownFileType = sourcecode.swift; path = ImportHelper.swift; sourceTree = "<group>"; };
		426CADCD22F5A23B4C8CC111 /* AmgiSpacing.swift */ = {isa = PBXFileReference; lastKnownFileType = sourcecode.swift; path = AmgiSpacing.swift; sourceTree = "<group>"; };
		44792958B343213988DC8FFB /* ContentView.swift */ = {isa = PBXFileReference; lastKnownFileType = sourcecode.swift; path = ContentView.swift; sourceTree = "<group>"; };
		44CC834CCC57964FF934A0F0 /* WatchDeckListView.swift */ = {isa = PBXFileReference; lastKnownFileType = sourcecode.swift; path = WatchDeckListView.swift; sourceTree = "<group>"; };
		44CF30873346E609AC9D7ADE /* mathjax */ = {isa = PBXFileReference; lastKnownFileType = folder; name = mathjax; path = Resources/mathjax; sourceTree = SOURCE_ROOT; };
		491E02068FA0CEFFA5C53B64 /* WatchApp.swift */ = {isa = PBXFileReference; lastKnownFileType = sourcecode.swift; path = WatchApp.swift; sourceTree = "<group>"; };
		5B2868E7DF38AB014685320A /* WatchDeckDetailView.swift */ = {isa = PBXFileReference; lastKnownFileType = sourcecode.swift; path = WatchDeckDetailView.swift; sourceTree = "<group>"; };
		6320359FC6CA6D92945161A1 /* WatchContentView.swift */ = {isa = PBXFileReference; lastKnownFileType = sourcecode.swift; path = WatchContentView.swift; sourceTree = "<group>"; };
		6FC065BB94EC4D03C744D66D /* AmgiUI */ = {isa = PBXFileReference; lastKnownFileType = folder; name = AmgiUI; path = ../AmgiUI; sourceTree = SOURCE_ROOT; };
		754172040A193DD69676DECD /* IntervalsChart.swift */ = {isa = PBXFileReference; lastKnownFileType = sourcecode.swift; path = IntervalsChart.swift; sourceTree = "<group>"; };
		8194F942C511DFA83C0CB371 /* AmgiAppApp.swift */ = {isa = PBXFileReference; lastKnownFileType = sourcecode.swift; path = AmgiAppApp.swift; sourceTree = "<group>"; };
		9DE9F2C493FA28C7CD204D93 /* WriteWidgetSnapshot.swift */ = {isa = PBXFileReference; lastKnownFileType = sourcecode.swift; path = WriteWidgetSnapshot.swift; sourceTree = "<group>"; };
		A159A0EC53BE9A5725D4F72F /* WidgetSnapshotStore.swift */ = {isa = PBXFileReference; lastKnownFileType = sourcecode.swift; path = WidgetSnapshotStore.swift; sourceTree = "<group>"; };
		A837EB0A30B6E90B20D5C1CD /* AmgiWidget.appex */ = {isa = PBXFileReference; includeInIndex = 0; lastKnownFileType = "wrapper.app-extension"; path = AmgiWidget.appex; sourceTree = BUILT_PRODUCTS_DIR; };
		AC43D6BB2DE76790ED02C3AD /* HourlyChart.swift */ = {isa = PBXFileReference; lastKnownFileType = sourcecode.swift; path = HourlyChart.swift; sourceTree = "<group>"; };
		AF4ED8861E827657F4ACFD24 /* FutureDueChart.swift */ = {isa = PBXFileReference; lastKnownFileType = sourcecode.swift; path = FutureDueChart.swift; sourceTree = "<group>"; };
		B219D0FE129E5978B1B69180 /* DebugView.swift */ = {isa = PBXFileReference; lastKnownFileType = sourcecode.swift; path = DebugView.swift; sourceTree = "<group>"; };
		C1C6AB9554FF1D3991F1F5EA /* TodayStatsCard.swift */ = {isa = PBXFileReference; lastKnownFileType = sourcecode.swift; path = TodayStatsCard.swift; sourceTree = "<group>"; };
		C47B73C334B62AD0A0729DB0 /* RetentionChart.swift */ = {isa = PBXFileReference; lastKnownFileType = sourcecode.swift; path = RetentionChart.swift; sourceTree = "<group>"; };
		C57E0A30A0C5B7FE232BF0C3 /* amgi */ = {isa = PBXFileReference; lastKnownFileType = folder; name = amgi; path = ..; sourceTree = SOURCE_ROOT; };
		C77F11AE7234C74B34230540 /* Assets.xcassets */ = {isa = PBXFileReference; lastKnownFileType = folder.assetcatalog; path = Assets.xcassets; sourceTree = "<group>"; };
		CAC32D61C2C66C6ED71E2F1E /* WatchReviewView.swift */ = {isa = PBXFileReference; lastKnownFileType = sourcecode.swift; path = WatchReviewView.swift; sourceTree = "<group>"; };
		CAE0DE68DC7E04F773A57E14 /* SwiftUI.framework */ = {isa = PBXFileReference; lastKnownFileType = wrapper.framework; name = SwiftUI.framework; path = System/Library/Frameworks/SwiftUI.framework; sourceTree = SDKROOT; };
		CD607A2DE7606E65C133987A /* ReviewsChart.swift */ = {isa = PBXFileReference; lastKnownFileType = sourcecode.swift; path = ReviewsChart.swift; sourceTree = "<group>"; };
		DE61E854280804F08BB1DD31 /* AmgiApp.app */ = {isa = PBXFileReference; includeInIndex = 0; lastKnownFileType = wrapper.application; path = AmgiApp.app; sourceTree = BUILT_PRODUCTS_DIR; };
		E52A1F699FA8746826E4EAB0 /* AmgiWatchApp.app */ = {isa = PBXFileReference; explicitFileType = wrapper.application; includeInIndex = 0; path = AmgiWatchApp.app; sourceTree = BUILT_PRODUCTS_DIR; };
		EA984C4DF72EA6AB88758C42 /* DeckCountsView.swift */ = {isa = PBXFileReference; lastKnownFileType = sourcecode.swift; path = DeckCountsView.swift; sourceTree = "<group>"; };
		F5F0CD0C9F5F8DC2DFCEEB67 /* PeriodPicker.swift */ = {isa = PBXFileReference; lastKnownFileType = sourcecode.swift; path = PeriodPicker.swift; sourceTree = "<group>"; };
		FE05BA9D8C11C338ACA69DD6 /* WatchStatsView.swift */ = {isa = PBXFileReference; lastKnownFileType = sourcecode.swift; path = WatchStatsView.swift; sourceTree = "<group>"; };
/* End PBXFileReference section */

/* Begin PBXFileSystemSynchronizedBuildFileExceptionSet section */
		E35D4848962B9AF3A984C987 /* PBXFileSystemSynchronizedBuildFileExceptionSet */ = {
			isa = PBXFileSystemSynchronizedBuildFileExceptionSet;
			membershipExceptions = (
				Info.plist,
			);
			target = 9B3B324834735D7AA9620491 /* AmgiWidget */;
		};
/* End PBXFileSystemSynchronizedBuildFileExceptionSet section */

/* Begin PBXFileSystemSynchronizedRootGroup section */
		169934E0D4D20865BDD342DA /* Sources/Decks */ = {
			isa = PBXFileSystemSynchronizedRootGroup;
			explicitFileTypes = {
			};
			explicitFolders = (
			);
			path = Sources/Decks;
			sourceTree = "<group>";
		};
		3EA0CB2F1D9F1FE7F8EDD0DC /* Sources/Shared */ = {
			isa = PBXFileSystemSynchronizedRootGroup;
			explicitFileTypes = {
			};
			explicitFolders = (
			);
			path = Sources/Shared;
			sourceTree = "<group>";
		};
		47B6144E346E2B50C7F63EC1 /* Sources/Widgets */ = {
			isa = PBXFileSystemSynchronizedRootGroup;
			exceptions = (
				E35D4848962B9AF3A984C987 /* PBXFileSystemSynchronizedBuildFileExceptionSet */,
			);
			explicitFileTypes = {
			};
			explicitFolders = (
			);
			path = Sources/Widgets;
			sourceTree = "<group>";
		};
		71A2C1C4B7904BCA0924FE68 /* Sources/Theme */ = {
			isa = PBXFileSystemSynchronizedRootGroup;
			explicitFileTypes = {
			};
			explicitFolders = (
			);
			path = Sources/Theme;
			sourceTree = "<group>";
		};
		8AEBE8C95B747A79E7D42ED7 /* Sources/Sync */ = {
			isa = PBXFileSystemSynchronizedRootGroup;
			explicitFileTypes = {
			};
			explicitFolders = (
			);
			path = Sources/Sync;
			sourceTree = "<group>";
		};
		B80F105F226F114CA84ABC7D /* Sources/Browse */ = {
			isa = PBXFileSystemSynchronizedRootGroup;
			explicitFileTypes = {
			};
			explicitFolders = (
			);
			path = Sources/Browse;
			sourceTree = "<group>";
		};
		CDEDAA97FC57CD3D496264A1 /* Sources/Settings */ = {
			isa = PBXFileSystemSynchronizedRootGroup;
			explicitFileTypes = {
			};
			explicitFolders = (
			);
			path = Sources/Settings;
			sourceTree = "<group>";
		};
		E5E47D35B9984567A86D1BA8 /* Sources/Stats */ = {
			isa = PBXFileSystemSynchronizedRootGroup;
			explicitFileTypes = {
			};
			explicitFolders = (
			);
			path = Sources/Stats;
			sourceTree = "<group>";
		};
		F5B2DE6E1923311DA3D66601 /* Sources/Review */ = {
			isa = PBXFileSystemSynchronizedRootGroup;
			explicitFileTypes = {
			};
			explicitFolders = (
			);
			path = Sources/Review;
			sourceTree = "<group>";
		};
/* End PBXFileSystemSynchronizedRootGroup section */

/* Begin PBXFrameworksBuildPhase section */
		13D1F5F67D6C828F4B9F1C8F /* Frameworks */ = {
			isa = PBXFrameworksBuildPhase;
			buildActionMask = 2147483647;
			files = (
				652134A3080AAB2E8524794F /* AnkiKit in Frameworks */,
				25295E65FF027CFDAAB366BC /* AmgiTheme in Frameworks */,
				E45540503268E00A3CAC9B04 /* WidgetKit.framework in Frameworks */,
				05B3C09F3B96E96D972F0424 /* SwiftUI.framework in Frameworks */,
			);
			runOnlyForDeploymentPostprocessing = 0;
		};
		19B37F948ED2A792E3A74AC2 /* Frameworks */ = {
			isa = PBXFrameworksBuildPhase;
			buildActionMask = 2147483647;
			files = (
				8037088122D7F4739E1D412A /* AnkiKit in Frameworks */,
				6932C86281AB9089FDCF9C6B /* AnkiServices in Frameworks */,
				71A1B053966773D1157AA618 /* AnkiClients in Frameworks */,
				7C46534E4D979D315641F713 /* AnkiSync in Frameworks */,
				C417D0DB3832D3592A5A3BA1 /* AnkiBackend in Frameworks */,
				94AB6A9BE4BC63D84EC48E6B /* AnkiProto in Frameworks */,
				34270B208122270BAC697B31 /* AmgiCardWeb in Frameworks */,
				A87D48D4DA8668BA3F705983 /* AmgiTheme in Frameworks */,
				58CAEF6BE5C190FC9FE8D511 /* SwiftNavigation in Frameworks */,
				9F04117D1D3772A46BD87844 /* UIKitNavigation in Frameworks */,
				125CB371BB8CCAEE250459BD /* Sharing in Frameworks */,
				2F6CCEA4FF8B775FCA9299DA /* WidgetKit.framework in Frameworks */,
			);
			runOnlyForDeploymentPostprocessing = 0;
		};
		E369932CA4A46F6AC8C1E2C2 /* Frameworks */ = {
			isa = PBXFrameworksBuildPhase;
			buildActionMask = 2147483647;
			files = (
				4806E64030A4EBAA1A2DF239 /* AnkiKit in Frameworks */,
				A93978D7EA5D702A9FEC5B1B /* AmgiTheme in Frameworks */,
				CD7A425CC4ECBA61920F09E6 /* AnkiServices in Frameworks */,
				C7E42C769A4C5821E0D2A65E /* AnkiClients in Frameworks */,
				1CCF36BA63528C1E2FA3F9FD /* AnkiSync in Frameworks */,
				5206D53A52E116E129C0E956 /* AnkiBackend in Frameworks */,
				8F888B18043AFB901AA52598 /* AnkiProto in Frameworks */,
				88CEBB679A25C18EFA30E22A /* SwiftNavigation in Frameworks */,
				300C45BEA20065427F563AAD /* Sharing in Frameworks */,
			);
			runOnlyForDeploymentPostprocessing = 0;
		};
/* End PBXFrameworksBuildPhase section */

/* Begin PBXGroup section */
		54701E5FE2188037820D21A7 /* Frameworks */ = {
			isa = PBXGroup;
			children = (
				CAE0DE68DC7E04F773A57E14 /* SwiftUI.framework */,
				2B60A11C277A30E8180CB0F1 /* WidgetKit.framework */,
			);
			name = Frameworks;
			sourceTree = "<group>";
		};
		652799243D2BEF4E5B7E34D5 /* Packages */ = {
			isa = PBXGroup;
			children = (
				C57E0A30A0C5B7FE232BF0C3 /* amgi */,
				6FC065BB94EC4D03C744D66D /* AmgiUI */,
			);
			name = Packages;
			sourceTree = "<group>";
		};
		6BCF3881012E1A43D0E64562 /* Decks */ = {
			isa = PBXGroup;
			children = (
			);
			name = Decks;
			path = Sources/Decks;
			sourceTree = "<group>";
		};
		76FF1DDF34CBD0384DD24307 /* Shared */ = {
			isa = PBXGroup;
			children = (
				EA984C4DF72EA6AB88758C42 /* DeckCountsView.swift */,
				3E21CDB5DEE9ADB1278361DC /* ImportHelper.swift */,
				1955D163641C3A6B4C3FCD56 /* SharedKeys.swift */,
				3A4BB06BA1C148ECF8D53640 /* WidgetSnapshot.swift */,
				A159A0EC53BE9A5725D4F72F /* WidgetSnapshotStore.swift */,
			);
			name = Shared;
			path = Sources/Shared;
			sourceTree = "<group>";
		};
		852CFC1C0D03FE7967E700AA /* Sources */ = {
			isa = PBXGroup;
			children = (
				8194F942C511DFA83C0CB371 /* AmgiAppApp.swift */,
				44792958B343213988DC8FFB /* ContentView.swift */,
				B219D0FE129E5978B1B69180 /* DebugView.swift */,
				9DE9F2C493FA28C7CD204D93 /* WriteWidgetSnapshot.swift */,
			);
			path = Sources;
			sourceTree = "<group>";
		};
		8EF8CFE37D28115873D67395 /* Review */ = {
			isa = PBXGroup;
			children = (
				1D2F26CE5EB6060C2EB82D25 /* ReviewSession.swift */,
			);
			name = Review;
			path = Sources/Review;
			sourceTree = "<group>";
		};
		AA6BBEBF6546D1F6A9BE505E /* Theme */ = {
			isa = PBXGroup;
			children = (
				426CADCD22F5A23B4C8CC111 /* AmgiSpacing.swift */,
				161E2EDD621D936CBBCDE8FD /* AmgiTypography.swift */,
			);
			name = Theme;
			path = Sources/Theme;
			sourceTree = "<group>";
		};
		D82640702EFFB2A0373C87A6 /* Watch */ = {
			isa = PBXGroup;
			children = (
				491E02068FA0CEFFA5C53B64 /* WatchApp.swift */,
				6320359FC6CA6D92945161A1 /* WatchContentView.swift */,
				5B2868E7DF38AB014685320A /* WatchDeckDetailView.swift */,
				44CC834CCC57964FF934A0F0 /* WatchDeckListView.swift */,
				2ED3EC752BE10F016D1DDC7A /* WatchLoginView.swift */,
				CAC32D61C2C66C6ED71E2F1E /* WatchReviewView.swift */,
				FE05BA9D8C11C338ACA69DD6 /* WatchStatsView.swift */,
				16182E68EB8623D77EA8401A /* WatchThemeCompatibility.swift */,
			);
			name = Watch;
			path = Sources/Watch;
			sourceTree = "<group>";
		};
		F25D5B8FD2D15F7D2AD5DB36 /* Products */ = {
			isa = PBXGroup;
			children = (
				DE61E854280804F08BB1DD31 /* AmgiApp.app */,
				E52A1F699FA8746826E4EAB0 /* AmgiWatchApp.app */,
				A837EB0A30B6E90B20D5C1CD /* AmgiWidget.appex */,
			);
			name = Products;
			sourceTree = "<group>";
		};
		F76B41B7792C72B7D645B174 /* Stats */ = {
			isa = PBXGroup;
			children = (
				034BAFB8E09758667D3686C8 /* AddedChart.swift */,
				33A69AB586E74A54F75F187F /* ButtonsChart.swift */,
				3BEA7C70BA4EC84E26451BB9 /* CardCountsChart.swift */,
				17A3FD796487EE3148C97DED /* EaseChart.swift */,
				AF4ED8861E827657F4ACFD24 /* FutureDueChart.swift */,
				AC43D6BB2DE76790ED02C3AD /* HourlyChart.swift */,
				754172040A193DD69676DECD /* IntervalsChart.swift */,
				F5F0CD0C9F5F8DC2DFCEEB67 /* PeriodPicker.swift */,
				C47B73C334B62AD0A0729DB0 /* RetentionChart.swift */,
				CD607A2DE7606E65C133987A /* ReviewsChart.swift */,
				C1C6AB9554FF1D3991F1F5EA /* TodayStatsCard.swift */,
			);
			name = Stats;
			path = Sources/Stats;
			sourceTree = "<group>";
		};
		F90D9C10E2CEF0656D9B04B5 = {
			isa = PBXGroup;
			children = (
				C77F11AE7234C74B34230540 /* Assets.xcassets */,
				44CF30873346E609AC9D7ADE /* mathjax */,
				6BCF3881012E1A43D0E64562 /* Decks */,
				652799243D2BEF4E5B7E34D5 /* Packages */,
				8EF8CFE37D28115873D67395 /* Review */,
				76FF1DDF34CBD0384DD24307 /* Shared */,
				852CFC1C0D03FE7967E700AA /* Sources */,
				B80F105F226F114CA84ABC7D /* Sources/Browse */,
				169934E0D4D20865BDD342DA /* Sources/Decks */,
				F5B2DE6E1923311DA3D66601 /* Sources/Review */,
				CDEDAA97FC57CD3D496264A1 /* Sources/Settings */,
				3EA0CB2F1D9F1FE7F8EDD0DC /* Sources/Shared */,
				E5E47D35B9984567A86D1BA8 /* Sources/Stats */,
				8AEBE8C95B747A79E7D42ED7 /* Sources/Sync */,
				71A2C1C4B7904BCA0924FE68 /* Sources/Theme */,
				47B6144E346E2B50C7F63EC1 /* Sources/Widgets */,
				F76B41B7792C72B7D645B174 /* Stats */,
				AA6BBEBF6546D1F6A9BE505E /* Theme */,
				D82640702EFFB2A0373C87A6 /* Watch */,
				54701E5FE2188037820D21A7 /* Frameworks */,
				F25D5B8FD2D15F7D2AD5DB36 /* Products */,
			);
			sourceTree = "<group>";
		};
/* End PBXGroup section */

/* Begin PBXNativeTarget section */
		95284AD6E89B9B84191749DE /* AmgiApp */ = {
			isa = PBXNativeTarget;
			buildConfigurationList = 508649333842CC573F536F96 /* Build configuration list for PBXNativeTarget "AmgiApp" */;
			buildPhases = (
				C6234D2D0CDEA070ABE0CDBC /* Sources */,
				507BEFC74A9D1D4C5981265B /* Resources */,
				19B37F948ED2A792E3A74AC2 /* Frameworks */,
				410CE2AB2D9AFEF1B607231D /* Embed Foundation Extensions */,
			);
			buildRules = (
			);
			dependencies = (
				3267403ADAD9A214E1235DFB /* PBXTargetDependency */,
			);
			fileSystemSynchronizedGroups = (
				B80F105F226F114CA84ABC7D /* Sources/Browse */,
				169934E0D4D20865BDD342DA /* Sources/Decks */,
				F5B2DE6E1923311DA3D66601 /* Sources/Review */,
				CDEDAA97FC57CD3D496264A1 /* Sources/Settings */,
				3EA0CB2F1D9F1FE7F8EDD0DC /* Sources/Shared */,
				E5E47D35B9984567A86D1BA8 /* Sources/Stats */,
				8AEBE8C95B747A79E7D42ED7 /* Sources/Sync */,
				71A2C1C4B7904BCA0924FE68 /* Sources/Theme */,
			);
			name = AmgiApp;
			packageProductDependencies = (
				EEE5266ACE0725F53E9703A8 /* AnkiKit */,
				9C12DFB8208798638ECB4C68 /* AnkiServices */,
				3FED5E304581C8F9AF5A7AA8 /* AnkiClients */,
				9F148DCECED472C7DE230AB6 /* AnkiSync */,
				F40C6D05700BCD9DB3969CD4 /* AnkiBackend */,
				0BBBA9E831360913A56B8508 /* AnkiProto */,
				5089B17C1D8C3637BE4FB0A9 /* AmgiCardWeb */,
				DCE589747DD31E211851D79C /* AmgiTheme */,
				A83E8288FCBE678AC922CFF0 /* SwiftNavigation */,
				C6F941841B903375DAA58334 /* UIKitNavigation */,
				4F99E922EA9267E4EE4CD5D6 /* Sharing */,
			);
			productName = AmgiApp;
			productReference = DE61E854280804F08BB1DD31 /* AmgiApp.app */;
			productType = "com.apple.product-type.application";
		};
		9B3B324834735D7AA9620491 /* AmgiWidget */ = {
			isa = PBXNativeTarget;
			buildConfigurationList = BEB8DB7903F6F37B14F30E04 /* Build configuration list for PBXNativeTarget "AmgiWidget" */;
			buildPhases = (
				D810BE70AAE191E80D5A7779 /* Sources */,
				D96EE9D043C8D449AB3D1BF9 /* Resources */,
				13D1F5F67D6C828F4B9F1C8F /* Frameworks */,
			);
			buildRules = (
			);
			dependencies = (
			);
			fileSystemSynchronizedGroups = (
				47B6144E346E2B50C7F63EC1 /* Sources/Widgets */,
			);
			name = AmgiWidget;
			packageProductDependencies = (
				D17643555D7431BE694A9400 /* AnkiKit */,
				F965A812044E53C1A2FD5A8F /* AmgiTheme */,
			);
			productName = AmgiWidget;
			productReference = A837EB0A30B6E90B20D5C1CD /* AmgiWidget.appex */;
			productType = "com.apple.product-type.app-extension";
		};
		D799962EF4F5CA4D32203063 /* AmgiWatchApp */ = {
			isa = PBXNativeTarget;
			buildConfigurationList = 908CB68A40040DB509D966EA /* Build configuration list for PBXNativeTarget "AmgiWatchApp" */;
			buildPhases = (
				9B505B3DB3F7C871FAAEF781 /* Sources */,
				E369932CA4A46F6AC8C1E2C2 /* Frameworks */,
			);
			buildRules = (
			);
			dependencies = (
			);
			name = AmgiWatchApp;
			packageProductDependencies = (
				AB49118FC7A518B48ED09051 /* AnkiKit */,
				A8F51D85BA3DE2215333A244 /* AmgiTheme */,
				38DEF6B96461889F8EAAAE48 /* AnkiServices */,
				1D9F9CD702DB5DC5DC8AAB30 /* AnkiClients */,
				1D52A2C890DE8794E39904C4 /* AnkiSync */,
				35974FDD258EB94D5852A939 /* AnkiBackend */,
				54CDF3C2E932D4A20552B1AB /* AnkiProto */,
				5E4DD888EA7B00AFD7922CBF /* SwiftNavigation */,
				E246B9A74FC08245970AE0E4 /* Sharing */,
			);
			productName = AmgiWatchApp;
			productReference = E52A1F699FA8746826E4EAB0 /* AmgiWatchApp.app */;
			productType = "com.apple.product-type.application";
		};
/* End PBXNativeTarget section */

/* Begin PBXProject section */
		CCE55545D9F1ABEDD48DB366 /* Project object */ = {
			isa = PBXProject;
			attributes = {
				BuildIndependentTargetsInParallel = YES;
				LastUpgradeCheck = 1430;
				TargetAttributes = {
				};
			};
			buildConfigurationList = BC4A80AD6076C8423E530840 /* Build configuration list for PBXProject "AmgiApp" */;
			developmentRegion = en;
			hasScannedForEncodings = 0;
			knownRegions = (
				Base,
				en,
			);
			mainGroup = F90D9C10E2CEF0656D9B04B5;
			minimizedProjectReferenceProxies = 1;
			packageReferences = (
				0654502C09BEED604C13D953 /* XCRemoteSwiftPackageReference "swift-navigation" */,
				7B720D20F213A6E6D8D5745C /* XCRemoteSwiftPackageReference "swift-sharing" */,
				D199614CC61409C8E07A39EC /* XCLocalSwiftPackageReference "../AmgiUI" */,
				269F9635F97EDD12C747836B /* XCLocalSwiftPackageReference ".." */,
			);
			preferredProjectObjectVersion = 77;
			productRefGroup = F25D5B8FD2D15F7D2AD5DB36 /* Products */;
			projectDirPath = "";
			projectRoot = "";
			targets = (
				95284AD6E89B9B84191749DE /* AmgiApp */,
				D799962EF4F5CA4D32203063 /* AmgiWatchApp */,
				9B3B324834735D7AA9620491 /* AmgiWidget */,
			);
		};
/* End PBXProject section */

/* Begin PBXResourcesBuildPhase section */
		507BEFC74A9D1D4C5981265B /* Resources */ = {
			isa = PBXResourcesBuildPhase;
			buildActionMask = 2147483647;
			files = (
				9979FC83164BAD629D3522E7 /* Assets.xcassets in Resources */,
				432EFA88F323B205548FDE22 /* mathjax in Resources */,
			);
			runOnlyForDeploymentPostprocessing = 0;
		};
		D96EE9D043C8D449AB3D1BF9 /* Resources */ = {
			isa = PBXResourcesBuildPhase;
			buildActionMask = 2147483647;
			files = (
			);
			runOnlyForDeploymentPostprocessing = 0;
		};
/* End PBXResourcesBuildPhase section */

/* Begin PBXSourcesBuildPhase section */
		9B505B3DB3F7C871FAAEF781 /* Sources */ = {
			isa = PBXSourcesBuildPhase;
			buildActionMask = 2147483647;
			files = (
				7DBD176C1C9335938DFE8B26 /* AddedChart.swift in Sources */,
				5C90F71C28BA71DCD3234ED8 /* AmgiSpacing.swift in Sources */,
				7E0F969FE51C02E3F82A8EFE /* AmgiTypography.swift in Sources */,
				5118FC0E96F042A52C760244 /* ButtonsChart.swift in Sources */,
				ECC2240EADC17061E3B6F04F /* CardCountsChart.swift in Sources */,
				7A8C7F9E38ADB8A798536E72 /* DeckCountsView.swift in Sources */,
				9F9AEC406A84BB7E02B2C8F0 /* EaseChart.swift in Sources */,
				18A5E22BF086C74EB8748E97 /* FutureDueChart.swift in Sources */,
				F18D4A4B15725415C44791BD /* HourlyChart.swift in Sources */,
				11F3BA0F4AF7B9677BE1BCED /* ImportHelper.swift in Sources */,
				70A45CBF245F9634EB946A47 /* IntervalsChart.swift in Sources */,
				4197FBDFDF2D46380618BC19 /* PeriodPicker.swift in Sources */,
				B6FFC838741047506C56B503 /* RetentionChart.swift in Sources */,
				E5185F388A661687F53949B9 /* ReviewSession.swift in Sources */,
				AB3689DD4BAB90D24C81C5A1 /* ReviewsChart.swift in Sources */,
				98C6CA8AE0F54B410D410803 /* SharedKeys.swift in Sources */,
				0E7B9DD77B435314F1F82444 /* TodayStatsCard.swift in Sources */,
				4F9F1495E23422059993CD6D /* WatchApp.swift in Sources */,
				CC6E25F03E10B50844B4E65F /* WatchContentView.swift in Sources */,
				D559173FE155475757718188 /* WatchDeckDetailView.swift in Sources */,
				CE897B2A2F8CD000738772AE /* WatchDeckListView.swift in Sources */,
				65F61AFFA2543E6FB629C91F /* WatchLoginView.swift in Sources */,
				CC537D2D55B52A4BD7E35D02 /* WatchReviewView.swift in Sources */,
				EF1D221842AEDFA141263AC4 /* WatchStatsView.swift in Sources */,
				B000C5F6C48D2CDF8FF8BB2C /* WatchThemeCompatibility.swift in Sources */,
				CD249B6E0FACD11469B4D8A3 /* WidgetSnapshot.swift in Sources */,
				0DAA94A3D96F719BA4747FB9 /* WidgetSnapshotStore.swift in Sources */,
			);
			runOnlyForDeploymentPostprocessing = 0;
		};
		C6234D2D0CDEA070ABE0CDBC /* Sources */ = {
			isa = PBXSourcesBuildPhase;
			buildActionMask = 2147483647;
			files = (
				BB3E89CDD647E53D949E751D /* AmgiAppApp.swift in Sources */,
				73BED515464AA8C80C765BFF /* ContentView.swift in Sources */,
				570828091E1FF534441427EA /* DebugView.swift in Sources */,
				72EFBA61E6007A14BAC1DF9E /* WriteWidgetSnapshot.swift in Sources */,
			);
			runOnlyForDeploymentPostprocessing = 0;
		};
		D810BE70AAE191E80D5A7779 /* Sources */ = {
			isa = PBXSourcesBuildPhase;
			buildActionMask = 2147483647;
			files = (
				8ECE4044AFBC859D35DC1762 /* WidgetSnapshot.swift in Sources */,
				0B0F7279D379185A03755CCE /* WidgetSnapshotStore.swift in Sources */,
			);
			runOnlyForDeploymentPostprocessing = 0;
		};
/* End PBXSourcesBuildPhase section */

/* Begin PBXTargetDependency section */
		3267403ADAD9A214E1235DFB /* PBXTargetDependency */ = {
			isa = PBXTargetDependency;
			target = 9B3B324834735D7AA9620491 /* AmgiWidget */;
			targetProxy = EE34BEA2D08D4B4B3CE4BF7A /* PBXContainerItemProxy */;
		};
/* End PBXTargetDependency section */

/* Begin XCBuildConfiguration section */
		01CDE097EE270648A3455BCC /* Release */ = {
			isa = XCBuildConfiguration;
			buildSettings = {
				ALWAYS_SEARCH_USER_PATHS = NO;
				ARCHS = arm64;
				CLANG_ANALYZER_NONNULL = YES;
				CLANG_ANALYZER_NUMBER_OBJECT_CONVERSION = YES_AGGRESSIVE;
				CLANG_CXX_LANGUAGE_STANDARD = "gnu++14";
				CLANG_CXX_LIBRARY = "libc++";
				CLANG_ENABLE_MODULES = YES;
				CLANG_ENABLE_OBJC_ARC = YES;
				CLANG_ENABLE_OBJC_WEAK = YES;
				CLANG_WARN_BLOCK_CAPTURE_AUTORELEASING = YES;
				CLANG_WARN_BOOL_CONVERSION = YES;
				CLANG_WARN_COMMA = YES;
				CLANG_WARN_CONSTANT_CONVERSION = YES;
				CLANG_WARN_DEPRECATED_OBJC_IMPLEMENTATIONS = YES;
				CLANG_WARN_DIRECT_OBJC_ISA_USAGE = YES_ERROR;
				CLANG_WARN_DOCUMENTATION_COMMENTS = YES;
				CLANG_WARN_EMPTY_BODY = YES;
				CLANG_WARN_ENUM_CONVERSION = YES;
				CLANG_WARN_INFINITE_RECURSION = YES;
				CLANG_WARN_INT_CONVERSION = YES;
				CLANG_WARN_NON_LITERAL_NULL_CONVERSION = YES;
				CLANG_WARN_OBJC_IMPLICIT_RETAIN_SELF = YES;
				CLANG_WARN_OBJC_LITERAL_CONVERSION = YES;
				CLANG_WARN_OBJC_ROOT_CLASS = YES_ERROR;
				CLANG_WARN_QUOTED_INCLUDE_IN_FRAMEWORK_HEADER = YES;
				CLANG_WARN_RANGE_LOOP_ANALYSIS = YES;
				CLANG_WARN_STRICT_PROTOTYPES = YES;
				CLANG_WARN_SUSPICIOUS_MOVE = YES;
				CLANG_WARN_UNGUARDED_AVAILABILITY = YES_AGGRESSIVE;
				CLANG_WARN_UNREACHABLE_CODE = YES;
				CLANG_WARN__DUPLICATE_METHOD_MATCH = YES;
				COPY_PHASE_STRIP = NO;
				DEBUG_INFORMATION_FORMAT = "dwarf-with-dsym";
				ENABLE_NS_ASSERTIONS = NO;
				ENABLE_STRICT_OBJC_MSGSEND = YES;
				GCC_C_LANGUAGE_STANDARD = gnu11;
				GCC_NO_COMMON_BLOCKS = YES;
				GCC_WARN_64_TO_32_BIT_CONVERSION = YES;
				GCC_WARN_ABOUT_RETURN_TYPE = YES_ERROR;
				GCC_WARN_UNDECLARED_SELECTOR = YES;
				GCC_WARN_UNINITIALIZED_AUTOS = YES_AGGRESSIVE;
				GCC_WARN_UNUSED_FUNCTION = YES;
				GCC_WARN_UNUSED_VARIABLE = YES;
				IPHONEOS_DEPLOYMENT_TARGET = 18.0;
				MTL_ENABLE_DEBUG_INFO = NO;
				MTL_FAST_MATH = YES;
				ONLY_ACTIVE_ARCH = YES;
				PRODUCT_NAME = "$(TARGET_NAME)";
				SWIFT_COMPILATION_MODE = wholemodule;
				SWIFT_OPTIMIZATION_LEVEL = "-O";
				SWIFT_STRICT_CONCURRENCY = complete;
				SWIFT_VERSION = 6.0;
				WATCHOS_DEPLOYMENT_TARGET = 11.0;
			};
			name = Release;
		};
		48CAD2B8E5E76236A9CE3FF8 /* Release */ = {
			isa = XCBuildConfiguration;
			buildSettings = {
				ASSETCATALOG_COMPILER_APPICON_NAME = AppIcon;
				CODE_SIGN_ENTITLEMENTS = AmgiApp.entitlements;
				CODE_SIGN_IDENTITY = "iPhone Developer";
				INFOPLIST_FILE = Info.plist;
				LD_RUNPATH_SEARCH_PATHS = (
					"$(inherited)",
					"@executable_path/Frameworks",
				);
				PRODUCT_BUNDLE_IDENTIFIER = com.amgiapp.AmgiApp;
				SDKROOT = iphoneos;
				TARGETED_DEVICE_FAMILY = "1,2";
			};
			name = Release;
		};
		50D2E3D69F1AC5A7F66FE08C /* Release */ = {
			isa = XCBuildConfiguration;
			buildSettings = {
				ASSETCATALOG_COMPILER_APPICON_NAME = AppIcon;
				CODE_SIGN_ENTITLEMENTS = AmgiWatchApp.entitlements;
				GENERATE_INFOPLIST_FILE = YES;
				INFOPLIST_KEY_WKCompanionAppBundleIdentifier = com.amgiapp.AmgiApp;
				PRODUCT_BUNDLE_IDENTIFIER = com.amgiapp.AmgiApp.watch;
				SDKROOT = watchos;
				SKIP_INSTALL = YES;
				TARGETED_DEVICE_FAMILY = 4;
			};
			name = Release;
		};
		B2FEE2CDEFFBD12DCDE488BA /* Debug */ = {
			isa = XCBuildConfiguration;
			buildSettings = {
				ASSETCATALOG_COMPILER_APPICON_NAME = AppIcon;
				CODE_SIGN_ENTITLEMENTS = AmgiWatchApp.entitlements;
				GENERATE_INFOPLIST_FILE = YES;
				INFOPLIST_KEY_WKCompanionAppBundleIdentifier = com.amgiapp.AmgiApp;
				PRODUCT_BUNDLE_IDENTIFIER = com.amgiapp.AmgiApp.watch;
				SDKROOT = watchos;
				SKIP_INSTALL = YES;
				TARGETED_DEVICE_FAMILY = 4;
			};
			name = Debug;
		};
		B9DA3DD5F83727DB538B5362 /* Debug */ = {
			isa = XCBuildConfiguration;
			buildSettings = {
				ALWAYS_SEARCH_USER_PATHS = NO;
				ARCHS = arm64;
				CLANG_ANALYZER_NONNULL = YES;
				CLANG_ANALYZER_NUMBER_OBJECT_CONVERSION = YES_AGGRESSIVE;
				CLANG_CXX_LANGUAGE_STANDARD = "gnu++14";
				CLANG_CXX_LIBRARY = "libc++";
				CLANG_ENABLE_MODULES = YES;
				CLANG_ENABLE_OBJC_ARC = YES;
				CLANG_ENABLE_OBJC_WEAK = YES;
				CLANG_WARN_BLOCK_CAPTURE_AUTORELEASING = YES;
				CLANG_WARN_BOOL_CONVERSION = YES;
				CLANG_WARN_COMMA = YES;
				CLANG_WARN_CONSTANT_CONVERSION = YES;
				CLANG_WARN_DEPRECATED_OBJC_IMPLEMENTATIONS = YES;
				CLANG_WARN_DIRECT_OBJC_ISA_USAGE = YES_ERROR;
				CLANG_WARN_DOCUMENTATION_COMMENTS = YES;
				CLANG_WARN_EMPTY_BODY = YES;
				CLANG_WARN_ENUM_CONVERSION = YES;
				CLANG_WARN_INFINITE_RECURSION = YES;
				CLANG_WARN_INT_CONVERSION = YES;
				CLANG_WARN_NON_LITERAL_NULL_CONVERSION = YES;
				CLANG_WARN_OBJC_IMPLICIT_RETAIN_SELF = YES;
				CLANG_WARN_OBJC_LITERAL_CONVERSION = YES;
				CLANG_WARN_OBJC_ROOT_CLASS = YES_ERROR;
				CLANG_WARN_QUOTED_INCLUDE_IN_FRAMEWORK_HEADER = YES;
				CLANG_WARN_RANGE_LOOP_ANALYSIS = YES;
				CLANG_WARN_STRICT_PROTOTYPES = YES;
				CLANG_WARN_SUSPICIOUS_MOVE = YES;
				CLANG_WARN_UNGUARDED_AVAILABILITY = YES_AGGRESSIVE;
				CLANG_WARN_UNREACHABLE_CODE = YES;
				CLANG_WARN__DUPLICATE_METHOD_MATCH = YES;
				COPY_PHASE_STRIP = NO;
				DEBUG_INFORMATION_FORMAT = dwarf;
				ENABLE_STRICT_OBJC_MSGSEND = YES;
				ENABLE_TESTABILITY = YES;
				GCC_C_LANGUAGE_STANDARD = gnu11;
				GCC_DYNAMIC_NO_PIC = NO;
				GCC_NO_COMMON_BLOCKS = YES;
				GCC_OPTIMIZATION_LEVEL = 0;
				GCC_PREPROCESSOR_DEFINITIONS = (
					"$(inherited)",
					"DEBUG=1",
				);
				GCC_WARN_64_TO_32_BIT_CONVERSION = YES;
				GCC_WARN_ABOUT_RETURN_TYPE = YES_ERROR;
				GCC_WARN_UNDECLARED_SELECTOR = YES;
				GCC_WARN_UNINITIALIZED_AUTOS = YES_AGGRESSIVE;
				GCC_WARN_UNUSED_FUNCTION = YES;
				GCC_WARN_UNUSED_VARIABLE = YES;
				IPHONEOS_DEPLOYMENT_TARGET = 18.0;
				MTL_ENABLE_DEBUG_INFO = INCLUDE_SOURCE;
				MTL_FAST_MATH = YES;
				ONLY_ACTIVE_ARCH = YES;
				PRODUCT_NAME = "$(TARGET_NAME)";
				SWIFT_ACTIVE_COMPILATION_CONDITIONS = DEBUG;
				SWIFT_OPTIMIZATION_LEVEL = "-Onone";
				SWIFT_STRICT_CONCURRENCY = complete;
				SWIFT_VERSION = 6.0;
				WATCHOS_DEPLOYMENT_TARGET = 11.0;
			};
			name = Debug;
		};
		BCA1A313BD0827666D6635B3 /* Debug */ = {
			isa = XCBuildConfiguration;
			buildSettings = {
				ASSETCATALOG_COMPILER_APPICON_NAME = AppIcon;
				CODE_SIGN_ENTITLEMENTS = AmgiApp.entitlements;
				CODE_SIGN_IDENTITY = "iPhone Developer";
				INFOPLIST_FILE = Info.plist;
				LD_RUNPATH_SEARCH_PATHS = (
					"$(inherited)",
					"@executable_path/Frameworks",
				);
				PRODUCT_BUNDLE_IDENTIFIER = com.amgiapp.AmgiApp;
				SDKROOT = iphoneos;
				TARGETED_DEVICE_FAMILY = "1,2";
			};
			name = Debug;
		};
		CDA499720B04E282D7607B17 /* Debug */ = {
			isa = XCBuildConfiguration;
			buildSettings = {
				CODE_SIGN_ENTITLEMENTS = AmgiWidget.entitlements;
				INFOPLIST_FILE = Sources/Widgets/Info.plist;
				LD_RUNPATH_SEARCH_PATHS = (
					"$(inherited)",
					"@executable_path/Frameworks",
					"@executable_path/../../Frameworks",
				);
				PRODUCT_BUNDLE_IDENTIFIER = com.amgiapp.AmgiApp.widget;
				SDKROOT = iphoneos;
				TARGETED_DEVICE_FAMILY = "1,2";
			};
			name = Debug;
		};
		DA5608BBDBA218288D59134B /* Release */ = {
			isa = XCBuildConfiguration;
			buildSettings = {
				CODE_SIGN_ENTITLEMENTS = AmgiWidget.entitlements;
				INFOPLIST_FILE = Sources/Widgets/Info.plist;
				LD_RUNPATH_SEARCH_PATHS = (
					"$(inherited)",
					"@executable_path/Frameworks",
					"@executable_path/../../Frameworks",
				);
				PRODUCT_BUNDLE_IDENTIFIER = com.amgiapp.AmgiApp.widget;
				SDKROOT = iphoneos;
				TARGETED_DEVICE_FAMILY = "1,2";
			};
			name = Release;
		};
/* End XCBuildConfiguration section */

/* Begin XCConfigurationList section */
		508649333842CC573F536F96 /* Build configuration list for PBXNativeTarget "AmgiApp" */ = {
			isa = XCConfigurationList;
			buildConfigurations = (
				BCA1A313BD0827666D6635B3 /* Debug */,
				48CAD2B8E5E76236A9CE3FF8 /* Release */,
			);
			defaultConfigurationIsVisible = 0;
			defaultConfigurationName = Debug;
		};
		908CB68A40040DB509D966EA /* Build configuration list for PBXNativeTarget "AmgiWatchApp" */ = {
			isa = XCConfigurationList;
			buildConfigurations = (
				B2FEE2CDEFFBD12DCDE488BA /* Debug */,
				50D2E3D69F1AC5A7F66FE08C /* Release */,
			);
			defaultConfigurationIsVisible = 0;
			defaultConfigurationName = Debug;
		};
		BC4A80AD6076C8423E530840 /* Build configuration list for PBXProject "AmgiApp" */ = {
			isa = XCConfigurationList;
			buildConfigurations = (
				B9DA3DD5F83727DB538B5362 /* Debug */,
				01CDE097EE270648A3455BCC /* Release */,
			);
			defaultConfigurationIsVisible = 0;
			defaultConfigurationName = Debug;
		};
		BEB8DB7903F6F37B14F30E04 /* Build configuration list for PBXNativeTarget "AmgiWidget" */ = {
			isa = XCConfigurationList;
			buildConfigurations = (
				CDA499720B04E282D7607B17 /* Debug */,
				DA5608BBDBA218288D59134B /* Release */,
			);
			defaultConfigurationIsVisible = 0;
			defaultConfigurationName = Debug;
		};
/* End XCConfigurationList section */

/* Begin XCLocalSwiftPackageReference section */
		269F9635F97EDD12C747836B /* XCLocalSwiftPackageReference ".." */ = {
			isa = XCLocalSwiftPackageReference;
			relativePath = ..;
		};
		D199614CC61409C8E07A39EC /* XCLocalSwiftPackageReference "../AmgiUI" */ = {
			isa = XCLocalSwiftPackageReference;
			relativePath = ../AmgiUI;
		};
/* End XCLocalSwiftPackageReference section */

/* Begin XCRemoteSwiftPackageReference section */
		0654502C09BEED604C13D953 /* XCRemoteSwiftPackageReference "swift-navigation" */ = {
			isa = XCRemoteSwiftPackageReference;
			repositoryURL = "https://github.com/pointfreeco/swift-navigation";
			requirement = {
				kind = upToNextMajorVersion;
				minimumVersion = 2.0.0;
			};
		};
		7B720D20F213A6E6D8D5745C /* XCRemoteSwiftPackageReference "swift-sharing" */ = {
			isa = XCRemoteSwiftPackageReference;
			repositoryURL = "https://github.com/pointfreeco/swift-sharing";
			requirement = {
				kind = upToNextMajorVersion;
				minimumVersion = 2.0.0;
			};
		};
/* End XCRemoteSwiftPackageReference section */

/* Begin XCSwiftPackageProductDependency section */
		0BBBA9E831360913A56B8508 /* AnkiProto */ = {
			isa = XCSwiftPackageProductDependency;
			productName = AnkiProto;
		};
		1D52A2C890DE8794E39904C4 /* AnkiSync */ = {
			isa = XCSwiftPackageProductDependency;
			productName = AnkiSync;
		};
		1D9F9CD702DB5DC5DC8AAB30 /* AnkiClients */ = {
			isa = XCSwiftPackageProductDependency;
			productName = AnkiClients;
		};
		35974FDD258EB94D5852A939 /* AnkiBackend */ = {
			isa = XCSwiftPackageProductDependency;
			productName = AnkiBackend;
		};
		38DEF6B96461889F8EAAAE48 /* AnkiServices */ = {
			isa = XCSwiftPackageProductDependency;
			productName = AnkiServices;
		};
		3FED5E304581C8F9AF5A7AA8 /* AnkiClients */ = {
			isa = XCSwiftPackageProductDependency;
			productName = AnkiClients;
		};
		4F99E922EA9267E4EE4CD5D6 /* Sharing */ = {
			isa = XCSwiftPackageProductDependency;
			package = 7B720D20F213A6E6D8D5745C /* XCRemoteSwiftPackageReference "swift-sharing" */;
			productName = Sharing;
		};
		5089B17C1D8C3637BE4FB0A9 /* AmgiCardWeb */ = {
			isa = XCSwiftPackageProductDependency;
			productName = AmgiCardWeb;
		};
		54CDF3C2E932D4A20552B1AB /* AnkiProto */ = {
			isa = XCSwiftPackageProductDependency;
			productName = AnkiProto;
		};
		5E4DD888EA7B00AFD7922CBF /* SwiftNavigation */ = {
			isa = XCSwiftPackageProductDependency;
			package = 0654502C09BEED604C13D953 /* XCRemoteSwiftPackageReference "swift-navigation" */;
			productName = SwiftNavigation;
		};
		9C12DFB8208798638ECB4C68 /* AnkiServices */ = {
			isa = XCSwiftPackageProductDependency;
			productName = AnkiServices;
		};
		9F148DCECED472C7DE230AB6 /* AnkiSync */ = {
			isa = XCSwiftPackageProductDependency;
			productName = AnkiSync;
		};
		A83E8288FCBE678AC922CFF0 /* SwiftNavigation */ = {
			isa = XCSwiftPackageProductDependency;
			package = 0654502C09BEED604C13D953 /* XCRemoteSwiftPackageReference "swift-navigation" */;
			productName = SwiftNavigation;
		};
		A8F51D85BA3DE2215333A244 /* AmgiTheme */ = {
			isa = XCSwiftPackageProductDependency;
			productName = AmgiTheme;
		};
		AB49118FC7A518B48ED09051 /* AnkiKit */ = {
			isa = XCSwiftPackageProductDependency;
			productName = AnkiKit;
		};
		C6F941841B903375DAA58334 /* UIKitNavigation */ = {
			isa = XCSwiftPackageProductDependency;
			package = 0654502C09BEED604C13D953 /* XCRemoteSwiftPackageReference "swift-navigation" */;
			productName = UIKitNavigation;
		};
		D17643555D7431BE694A9400 /* AnkiKit */ = {
			isa = XCSwiftPackageProductDependency;
			productName = AnkiKit;
		};
		DCE589747DD31E211851D79C /* AmgiTheme */ = {
			isa = XCSwiftPackageProductDependency;
			productName = AmgiTheme;
		};
		E246B9A74FC08245970AE0E4 /* Sharing */ = {
			isa = XCSwiftPackageProductDependency;
			package = 7B720D20F213A6E6D8D5745C /* XCRemoteSwiftPackageReference "swift-sharing" */;
			productName = Sharing;
		};
		EEE5266ACE0725F53E9703A8 /* AnkiKit */ = {
			isa = XCSwiftPackageProductDependency;
			productName = AnkiKit;
		};
		F40C6D05700BCD9DB3969CD4 /* AnkiBackend */ = {
			isa = XCSwiftPackageProductDependency;
			productName = AnkiBackend;
		};
		F965A812044E53C1A2FD5A8F /* AmgiTheme */ = {
			isa = XCSwiftPackageProductDependency;
			productName = AmgiTheme;
		};
/* End XCSwiftPackageProductDependency section */
	};
	rootObject = CCE55545D9F1ABEDD48DB366 /* Project object */;
}
